
Microsoft Visual Studio Solution File, Format Version 12.00
# Visual Studio 15
VisualStudioVersion = 15.0.27130.2036
MinimumVisualStudioVersion = 10.0.40219.1
Project("{FAE04EC0-301F-11D3-BF4B-00C04F79EFBC}") = "TomLabs.SlackHook", "TomLabs.SlackHook\TomLabs.SlackHook.csproj", "{8CC628A5-D038-4FD9-92B8-E6806A3C96E6}"
EndProject
Project("{FAE04EC0-301F-11D3-BF4B-00C04F79EFBC}") = "TomLabs.SlackHook.Tests", "TomLabs.SlackHook.Tests\TomLabs.SlackHook.Tests.csproj", "{0ACB1CC1-03F2-45D4-87C1-D84ED1C0E2FD}"
EndProject
Global
	GlobalSection(SolutionConfigurationPlatforms) = preSolution
		Debug|Any CPU = Debug|Any CPU
		Release|Any CPU = Release|Any CPU
	EndGlobalSection
	GlobalSection(ProjectConfigurationPlatforms) = postSolution
		{8CC628A5-D038-4FD9-92B8-E6806A3C96E6}.Debug|Any CPU.ActiveCfg = Debug|Any CPU
		{8CC628A5-D038-4FD9-92B8-E6806A3C96E6}.Debug|Any CPU.Build.0 = Debug|Any CPU
		{8CC628A5-D038-4FD9-92B8-E6806A3C96E6}.Release|Any CPU.ActiveCfg = Release|Any CPU
		{8CC628A5-D038-4FD9-92B8-E6806A3C96E6}.Release|Any CPU.Build.0 = Release|Any CPU
		{0ACB1CC1-03F2-45D4-87C1-D84ED1C0E2FD}.Debug|Any CPU.ActiveCfg = Debug|Any CPU
		{0ACB1CC1-03F2-45D4-87C1-D84ED1C0E2FD}.Debug|Any CPU.Build.0 = Debug|Any CPU
		{0ACB1CC1-03F2-45D4-87C1-D84ED1C0E2FD}.Release|Any CPU.ActiveCfg = Release|Any CPU
		{0ACB1CC1-03F2-45D4-87C1-D84ED1C0E2FD}.Release|Any CPU.Build.0 = Release|Any CPU
	EndGlobalSection
	GlobalSection(SolutionProperties) = preSolution
		HideSolutionNode = FALSE
	EndGlobalSection
	GlobalSection(ExtensibilityGlobals) = postSolution
		SolutionGuid = {EE6A269C-AC66-4BB1-A894-260D5B0C0067}
	EndGlobalSection
EndGlobal
